
Microsoft Visual Studio Solution File, Format Version 12.00
Project("{FAE04EC0-301F-11D3-BF4B-00C04F79EFBC}") = "DutyDistribution", "DutyDistribution\DutyDistribution.csproj", "{1A627A23-B6B6-4317-9EE6-1D8A972D22B1}"
EndProject
Project("{FAE04EC0-301F-11D3-BF4B-00C04F79EFBC}") = "DutyDistributionTest", "DutyDistributionTest\DutyDistributionTest.csproj", "{BB9EDDC2-079A-4BEE-B09D-3730922F7DFC}"
EndProject
Global
	GlobalSection(SolutionConfigurationPlatforms) = preSolution
		Debug|Any CPU = Debug|Any CPU
		Release|Any CPU = Release|Any CPU
	EndGlobalSection
	GlobalSection(ProjectConfigurationPlatforms) = postSolution
		{1A627A23-B6B6-4317-9EE6-1D8A972D22B1}.Debug|Any CPU.ActiveCfg = Debug|Any CPU
		{1A627A23-B6B6-4317-9EE6-1D8A972D22B1}.Debug|Any CPU.Build.0 = Debug|Any CPU
		{1A627A23-B6B6-4317-9EE6-1D8A972D22B1}.Release|Any CPU.ActiveCfg = Release|Any CPU
		{1A627A23-B6B6-4317-9EE6-1D8A972D22B1}.Release|Any CPU.Build.0 = Release|Any CPU
		{BB9EDDC2-079A-4BEE-B09D-3730922F7DFC}.Debug|Any CPU.ActiveCfg = Debug|Any CPU
		{BB9EDDC2-079A-4BEE-B09D-3730922F7DFC}.Debug|Any CPU.Build.0 = Debug|Any CPU
		{BB9EDDC2-079A-4BEE-B09D-3730922F7DFC}.Release|Any CPU.ActiveCfg = Release|Any CPU
		{BB9EDDC2-079A-4BEE-B09D-3730922F7DFC}.Release|Any CPU.Build.0 = Release|Any CPU
	EndGlobalSection
EndGlobal
